
Microsoft Visual Studio Solution File, Format Version 12.00
# Visual Studio Version 17
VisualStudioVersion = 17.9.34714.143
MinimumVisualStudioVersion = 10.0.40219.1
Project("{8BC9CEB8-8B4A-11D0-8D11-00A0C91BC942}") = "Project1", "Project1\Project1.vcxproj", "{D600ED25-CA00-40C5-9418-C7731511A7C9}"
EndProject
Global
	GlobalSection(SolutionConfigurationPlatforms) = preSolution
		Debug|x64 = Debug|x64
		Debug|x86 = Debug|x86
		Release|x64 = Release|x64
		Release|x86 = Release|x86
	EndGlobalSection
	GlobalSection(ProjectConfigurationPlatforms) = postSolution
		{D600ED25-CA00-40C5-9418-C7731511A7C9}.Debug|x64.ActiveCfg = Debug|x64
		{D600ED25-CA00-40C5-9418-C7731511A7C9}.Debug|x64.Build.0 = Debug|x64
		{D600ED25-CA00-40C5-9418-C7731511A7C9}.Debug|x86.ActiveCfg = Debug|Win32
		{D600ED25-CA00-40C5-9418-C7731511A7C9}.Debug|x86.Build.0 = Debug|Win32
		{D600ED25-CA00-40C5-9418-C7731511A7C9}.Release|x64.ActiveCfg = Release|x64
		{D600ED25-CA00-40C5-9418-C7731511A7C9}.Release|x64.Build.0 = Release|x64
		{D600ED25-CA00-40C5-9418-C7731511A7C9}.Release|x86.ActiveCfg = Release|Win32
		{D600ED25-CA00-40C5-9418-C7731511A7C9}.Release|x86.Build.0 = Release|Win32
	EndGlobalSection
	GlobalSection(SolutionProperties) = preSolution
		HideSolutionNode = FALSE
	EndGlobalSection
	GlobalSection(ExtensibilityGlobals) = postSolution
		SolutionGuid = {1388E74E-E946-4C24-ACC2-357AD9E0B54F}
	EndGlobalSection
EndGlobal
