
Microsoft Visual Studio Solution File, Format Version 12.00
# Visual Studio Version 17
VisualStudioVersion = 17.9.34714.143
MinimumVisualStudioVersion = 10.0.40219.1
Project("{8BC9CEB8-8B4A-11D0-8D11-00A0C91BC942}") = "divisible by 3 and 5 for a", "divisible by 3 and 5 for a\divisible by 3 and 5 for a.vcxproj", "{A1DBB542-96B7-42CF-BFAF-553BEDEC4651}"
EndProject
Global
	GlobalSection(SolutionConfigurationPlatforms) = preSolution
		Debug|x64 = Debug|x64
		Debug|x86 = Debug|x86
		Release|x64 = Release|x64
		Release|x86 = Release|x86
	EndGlobalSection
	GlobalSection(ProjectConfigurationPlatforms) = postSolution
		{A1DBB542-96B7-42CF-BFAF-553BEDEC4651}.Debug|x64.ActiveCfg = Debug|x64
		{A1DBB542-96B7-42CF-BFAF-553BEDEC4651}.Debug|x64.Build.0 = Debug|x64
		{A1DBB542-96B7-42CF-BFAF-553BEDEC4651}.Debug|x86.ActiveCfg = Debug|Win32
		{A1DBB542-96B7-42CF-BFAF-553BEDEC4651}.Debug|x86.Build.0 = Debug|Win32
		{A1DBB542-96B7-42CF-BFAF-553BEDEC4651}.Release|x64.ActiveCfg = Release|x64
		{A1DBB542-96B7-42CF-BFAF-553BEDEC4651}.Release|x64.Build.0 = Release|x64
		{A1DBB542-96B7-42CF-BFAF-553BEDEC4651}.Release|x86.ActiveCfg = Release|Win32
		{A1DBB542-96B7-42CF-BFAF-553BEDEC4651}.Release|x86.Build.0 = Release|Win32
	EndGlobalSection
	GlobalSection(SolutionProperties) = preSolution
		HideSolutionNode = FALSE
	EndGlobalSection
	GlobalSection(ExtensibilityGlobals) = postSolution
		SolutionGuid = {E29330BF-F17B-4753-A622-F2ABA1FCA0E6}
	EndGlobalSection
EndGlobal
