
Microsoft Visual Studio Solution File, Format Version 12.00
# Visual Studio Version 17
VisualStudioVersion = 17.9.34607.119
MinimumVisualStudioVersion = 10.0.40219.1
Project("{8BC9CEB8-8B4A-11D0-8D11-00A0C91BC942}") = "divisible by 3", "divisible by 3\divisible by 3.vcxproj", "{E31BD91A-C4CB-4CCF-B8C0-5F636026A114}"
EndProject
Global
	GlobalSection(SolutionConfigurationPlatforms) = preSolution
		Debug|x64 = Debug|x64
		Debug|x86 = Debug|x86
		Release|x64 = Release|x64
		Release|x86 = Release|x86
	EndGlobalSection
	GlobalSection(ProjectConfigurationPlatforms) = postSolution
		{E31BD91A-C4CB-4CCF-B8C0-5F636026A114}.Debug|x64.ActiveCfg = Debug|x64
		{E31BD91A-C4CB-4CCF-B8C0-5F636026A114}.Debug|x64.Build.0 = Debug|x64
		{E31BD91A-C4CB-4CCF-B8C0-5F636026A114}.Debug|x86.ActiveCfg = Debug|Win32
		{E31BD91A-C4CB-4CCF-B8C0-5F636026A114}.Debug|x86.Build.0 = Debug|Win32
		{E31BD91A-C4CB-4CCF-B8C0-5F636026A114}.Release|x64.ActiveCfg = Release|x64
		{E31BD91A-C4CB-4CCF-B8C0-5F636026A114}.Release|x64.Build.0 = Release|x64
		{E31BD91A-C4CB-4CCF-B8C0-5F636026A114}.Release|x86.ActiveCfg = Release|Win32
		{E31BD91A-C4CB-4CCF-B8C0-5F636026A114}.Release|x86.Build.0 = Release|Win32
	EndGlobalSection
	GlobalSection(SolutionProperties) = preSolution
		HideSolutionNode = FALSE
	EndGlobalSection
	GlobalSection(ExtensibilityGlobals) = postSolution
		SolutionGuid = {B0AC9C7C-0E66-4E89-805D-5FF8DEF26A1E}
	EndGlobalSection
EndGlobal
