
Microsoft Visual Studio Solution File, Format Version 12.00
# Visual Studio Version 17
VisualStudioVersion = 17.9.34607.119
MinimumVisualStudioVersion = 10.0.40219.1
Project("{8BC9CEB8-8B4A-11D0-8D11-00A0C91BC942}") = "Project cable company billing", "Project cable company billing\Project cable company billing.vcxproj", "{D7B79A7B-A22C-41BD-8972-9FB2FA1CEA66}"
EndProject
Global
	GlobalSection(SolutionConfigurationPlatforms) = preSolution
		Debug|x64 = Debug|x64
		Debug|x86 = Debug|x86
		Release|x64 = Release|x64
		Release|x86 = Release|x86
	EndGlobalSection
	GlobalSection(ProjectConfigurationPlatforms) = postSolution
		{D7B79A7B-A22C-41BD-8972-9FB2FA1CEA66}.Debug|x64.ActiveCfg = Debug|x64
		{D7B79A7B-A22C-41BD-8972-9FB2FA1CEA66}.Debug|x64.Build.0 = Debug|x64
		{D7B79A7B-A22C-41BD-8972-9FB2FA1CEA66}.Debug|x86.ActiveCfg = Debug|Win32
		{D7B79A7B-A22C-41BD-8972-9FB2FA1CEA66}.Debug|x86.Build.0 = Debug|Win32
		{D7B79A7B-A22C-41BD-8972-9FB2FA1CEA66}.Release|x64.ActiveCfg = Release|x64
		{D7B79A7B-A22C-41BD-8972-9FB2FA1CEA66}.Release|x64.Build.0 = Release|x64
		{D7B79A7B-A22C-41BD-8972-9FB2FA1CEA66}.Release|x86.ActiveCfg = Release|Win32
		{D7B79A7B-A22C-41BD-8972-9FB2FA1CEA66}.Release|x86.Build.0 = Release|Win32
	EndGlobalSection
	GlobalSection(SolutionProperties) = preSolution
		HideSolutionNode = FALSE
	EndGlobalSection
	GlobalSection(ExtensibilityGlobals) = postSolution
		SolutionGuid = {4BFFFD63-C9D0-41A2-A6CB-9411EFFDF47B}
	EndGlobalSection
EndGlobal
