
Microsoft Visual Studio Solution File, Format Version 12.00
# Visual Studio Version 17
VisualStudioVersion = 17.9.34607.119
MinimumVisualStudioVersion = 10.0.40219.1
Project("{8BC9CEB8-8B4A-11D0-8D11-00A0C91BC942}") = "even & odd average", "even & odd average\even & odd average.vcxproj", "{9CAB18D0-AD16-4592-A080-92B3150D6F8A}"
EndProject
Global
	GlobalSection(SolutionConfigurationPlatforms) = preSolution
		Debug|x64 = Debug|x64
		Debug|x86 = Debug|x86
		Release|x64 = Release|x64
		Release|x86 = Release|x86
	EndGlobalSection
	GlobalSection(ProjectConfigurationPlatforms) = postSolution
		{9CAB18D0-AD16-4592-A080-92B3150D6F8A}.Debug|x64.ActiveCfg = Debug|x64
		{9CAB18D0-AD16-4592-A080-92B3150D6F8A}.Debug|x64.Build.0 = Debug|x64
		{9CAB18D0-AD16-4592-A080-92B3150D6F8A}.Debug|x86.ActiveCfg = Debug|Win32
		{9CAB18D0-AD16-4592-A080-92B3150D6F8A}.Debug|x86.Build.0 = Debug|Win32
		{9CAB18D0-AD16-4592-A080-92B3150D6F8A}.Release|x64.ActiveCfg = Release|x64
		{9CAB18D0-AD16-4592-A080-92B3150D6F8A}.Release|x64.Build.0 = Release|x64
		{9CAB18D0-AD16-4592-A080-92B3150D6F8A}.Release|x86.ActiveCfg = Release|Win32
		{9CAB18D0-AD16-4592-A080-92B3150D6F8A}.Release|x86.Build.0 = Release|Win32
	EndGlobalSection
	GlobalSection(SolutionProperties) = preSolution
		HideSolutionNode = FALSE
	EndGlobalSection
	GlobalSection(ExtensibilityGlobals) = postSolution
		SolutionGuid = {B9E298AD-B494-4C3E-98D9-B01911EFF45C}
	EndGlobalSection
EndGlobal
